{
  "name": "workspace",
  "lockfileVersion": 3,
  "requires": true,
  "packages": {
    "": {
      "devDependencies": {
        "@types/bootstrap": "^5.2.10",
        "@types/bootstrap-datepicker": "^1.10.0",
        "@types/jquery": "^3.5.32",
        "@types/jquery.blockui": "^0.0.33",
        "@types/jquery.cookie": "^1.4.35",
        "@types/jquery.form": "^3.26.35",
        "@types/jquery.validation": "^1.17.0",
        "@types/jstree": "^3.3.46",
        "@types/paho-mqtt": "^1.0.10",
        "@types/stompjs": "^2.3.9",
        "@types/tinymce": "^4.6.9",
        "moment": "^2.30.1"
      }
    },
    "node_modules/@popperjs/core": {
      "version": "2.11.8",
      "resolved": "https://registry.npmjs.org/@popperjs/core/-/core-2.11.8.tgz",
      "integrity": "sha512-P1st0aksCrn9sGZhp8GMYwBnQsbvAWsZAX44oXNNvLHGqAOcoVxmjZiohstwQ7SqKnbR47akdNi+uleWD8+g6A==",
      "dev": true,
      "funding": {
        "type": "opencollective",
        "url": "https://opencollective.com/popperjs"
      }
    },
    "node_modules/@types/bootstrap": {
      "version": "5.2.10",
      "resolved": "https://registry.npmjs.org/@types/bootstrap/-/bootstrap-5.2.10.tgz",
      "integrity": "sha512-F2X+cd6551tep0MvVZ6nM8v7XgGN/twpdNDjqS1TUM7YFNEtQYWk+dKAnH+T1gr6QgCoGMPl487xw/9hXooa2g==",
      "dev": true,
      "dependencies": {
        "@popperjs/core": "^2.9.2"
      }
    },
    "node_modules/@types/bootstrap-datepicker": {
      "version": "1.10.0",
      "resolved": "https://registry.npmjs.org/@types/bootstrap-datepicker/-/bootstrap-datepicker-1.10.0.tgz",
      "integrity": "sha512-k5AnRLtUx/FieqnDZsWB4oh+Cc7FRXllDZ78ucNjZeD+A4NzwdQDDhnIzBQcvuTiZMMTuAPD5rXrxKR4XVxSFw==",
      "dev": true,
      "dependencies": {
        "@types/jquery": "*"
      }
    },
    "node_modules/@types/jquery": {
      "version": "3.5.32",
      "resolved": "https://registry.npmjs.org/@types/jquery/-/jquery-3.5.32.tgz",
      "integrity": "sha512-b9Xbf4CkMqS02YH8zACqN1xzdxc3cO735Qe5AbSUFmyOiaWAbcpqh9Wna+Uk0vgACvoQHpWDg2rGdHkYPLmCiQ==",
      "dev": true,
      "dependencies": {
        "@types/sizzle": "*"
      }
    },
    "node_modules/@types/jquery.blockui": {
      "version": "0.0.33",
      "resolved": "https://registry.npmjs.org/@types/jquery.blockui/-/jquery.blockui-0.0.33.tgz",
      "integrity": "sha512-OZ5ZjCzw9Z9foTMIpbdDtpAEdwQ7uNOpTUZc1ClCyBhZjRMLtPee43ZmAVkxFHOn6jQdh43XOfaPbc4roH8+Jw==",
      "dev": true,
      "dependencies": {
        "@types/jquery": "*"
      }
    },
    "node_modules/@types/jquery.cookie": {
      "version": "1.4.35",
      "resolved": "https://registry.npmjs.org/@types/jquery.cookie/-/jquery.cookie-1.4.35.tgz",
      "integrity": "sha512-chaHxzUOnN3MxSt5PNDtGLa74Z7DGsYnnBhg2NihAY9awJ01q903T07DVHkDnY9J7LkCcxuZyHnsVvmLmdFsAg==",
      "dev": true,
      "dependencies": {
        "@types/jquery": "*"
      }
    },
    "node_modules/@types/jquery.form": {
      "version": "3.26.35",
      "resolved": "https://registry.npmjs.org/@types/jquery.form/-/jquery.form-3.26.35.tgz",
      "integrity": "sha512-vvmSsFOzuaXye1+pur9hOHVlUUBatdUz51bfLSUDEywzVwLMTJwJ4ZuiUXWjmwSan9npVHHfiXRZks7YUfougA==",
      "dev": true,
      "dependencies": {
        "@types/jquery": "*"
      }
    },
    "node_modules/@types/jquery.validation": {
      "version": "1.17.0",
      "resolved": "https://registry.npmjs.org/@types/jquery.validation/-/jquery.validation-1.17.0.tgz",
      "integrity": "sha512-4cbCiPm6T4VXHsAaoYZ+HbqIIIbd6h+dyEAht9qIhjVrI7yxgkvFLCdbmYGgV6wtYg16dlRtxnfZIMhuVCB9gQ==",
      "dev": true,
      "dependencies": {
        "@types/jquery": "*"
      }
    },
    "node_modules/@types/jstree": {
      "version": "3.3.46",
      "resolved": "https://registry.npmjs.org/@types/jstree/-/jstree-3.3.46.tgz",
      "integrity": "sha512-Xj+lbRetEsI1TkP2cmQuCDSCT7qD3OUUCtok/8q2f2hx4PCXkBdjRO7AnS8CNj/tKsqjjZ0Pq6cNfyRcqDumsw==",
      "dev": true,
      "dependencies": {
        "@types/jquery": "*"
      }
    },
    "node_modules/@types/node": {
      "version": "22.13.0",
      "resolved": "https://registry.npmjs.org/@types/node/-/node-22.13.0.tgz",
      "integrity": "sha512-ClIbNe36lawluuvq3+YYhnIN2CELi+6q8NpnM7PYp4hBn/TatfboPgVSm2rwKRfnV2M+Ty9GWDFI64KEe+kysA==",
      "dev": true,
      "dependencies": {
        "undici-types": "~6.20.0"
      }
    },
    "node_modules/@types/paho-mqtt": {
      "version": "1.0.10",
      "resolved": "https://registry.npmjs.org/@types/paho-mqtt/-/paho-mqtt-1.0.10.tgz",
      "integrity": "sha512-xOEii1m7jw7mIKjufDkolpz7VlyqptUmm/YFPtLJCybrPCuLhN+WYgNpulQ/CXo7wtEW7x4uGon2v89+6g/pcA==",
      "dev": true
    },
    "node_modules/@types/sizzle": {
      "version": "2.3.9",
      "resolved": "https://registry.npmjs.org/@types/sizzle/-/sizzle-2.3.9.tgz",
      "integrity": "sha512-xzLEyKB50yqCUPUJkIsrVvoWNfFUbIZI+RspLWt8u+tIW/BetMBZtgV2LY/2o+tYH8dRvQ+eoPf3NdhQCcLE2w==",
      "dev": true
    },
    "node_modules/@types/stompjs": {
      "version": "2.3.9",
      "resolved": "https://registry.npmjs.org/@types/stompjs/-/stompjs-2.3.9.tgz",
      "integrity": "sha512-fu/GgkRdxwyEJ+JeUsGhDxGwmZQi+xeNElradGQ4ehWiG2z/o89gsi5Y7Gv0KC6VK1v78Cjh8zj3VF+RvqCGSA==",
      "dev": true,
      "dependencies": {
        "@types/node": "*"
      }
    },
    "node_modules/@types/tinymce": {
      "version": "4.6.9",
      "resolved": "https://registry.npmjs.org/@types/tinymce/-/tinymce-4.6.9.tgz",
      "integrity": "sha512-pDxBUlV4v1jgJ97SlnVOSyf3KUy3OQ3s5Ddpfh1L9M5lXlBmX7TJ2OLSozx1WBxp91acHvYPWDwz2U/kMM1oxQ==",
      "dev": true,
      "dependencies": {
        "@types/jquery": "*"
      }
    },
    "node_modules/moment": {
      "version": "2.30.1",
      "resolved": "https://registry.npmjs.org/moment/-/moment-2.30.1.tgz",
      "integrity": "sha512-uEmtNhbDOrWPFS+hdjFCBfy9f2YoyzRpwcl+DqpC6taX21FzsTLQVbMV/W7PzNSX6x/bhC1zA3c2UQ5NzH6how==",
      "dev": true,
      "engines": {
        "node": "*"
      }
    },
    "node_modules/undici-types": {
      "version": "6.20.0",
      "resolved": "https://registry.npmjs.org/undici-types/-/undici-types-6.20.0.tgz",
      "integrity": "sha512-Ny6QZ2Nju20vw1SRHe3d9jVu6gJ+4e3+MMpqu7pqE5HT6WsTSlce++GQmK5UXS8mzV8DSYHrQH+Xrf2jVcuKNg==",
      "dev": true
    }
  }
}
